
Microsoft Visual Studio Solution File, Format Version 12.00
# Visual Studio Version 17
VisualStudioVersion = 17.14.36310.24 d17.14
MinimumVisualStudioVersion = 10.0.40219.1
Project("{FAE04EC0-301F-11D3-BF4B-00C04F79EFBC}") = "VideoGameApi", "VideoGameApi\VideoGameApi.csproj", "{700DF8F7-BF88-4DBC-9B74-214BE9B34659}"
EndProject
Global
	GlobalSection(SolutionConfigurationPlatforms) = preSolution
		Debug|Any CPU = Debug|Any CPU
		Release|Any CPU = Release|Any CPU
	EndGlobalSection
	GlobalSection(ProjectConfigurationPlatforms) = postSolution
		{700DF8F7-BF88-4DBC-9B74-214BE9B34659}.Debug|Any CPU.ActiveCfg = Debug|Any CPU
		{700DF8F7-BF88-4DBC-9B74-214BE9B34659}.Debug|Any CPU.Build.0 = Debug|Any CPU
		{700DF8F7-BF88-4DBC-9B74-214BE9B34659}.Release|Any CPU.ActiveCfg = Release|Any CPU
		{700DF8F7-BF88-4DBC-9B74-214BE9B34659}.Release|Any CPU.Build.0 = Release|Any CPU
	EndGlobalSection
	GlobalSection(SolutionProperties) = preSolution
		HideSolutionNode = FALSE
	EndGlobalSection
	GlobalSection(ExtensibilityGlobals) = postSolution
		SolutionGuid = {14B9F967-2874-4CBC-AF16-BB6FF59ECEA2}
	EndGlobalSection
EndGlobal
